
Microsoft Visual Studio Solution File, Format Version 12.00
# Visual Studio Version 16
VisualStudioVersion = 16.0.29728.190
MinimumVisualStudioVersion = 10.0.40219.1
Project("{2150E333-8FDC-42A3-9474-1A3956D46DE8}") = "02_KClaims", "02_KClaims", "{325CAD72-408D-40D1-BB32-BE380D067CE4}"
EndProject
Project("{2150E333-8FDC-42A3-9474-1A3956D46DE8}") = "01_KCafe", "01_KCafe", "{F270DC20-760E-4F83-8280-236DAB434F33}"
EndProject
Project("{2150E333-8FDC-42A3-9474-1A3956D46DE8}") = "03_KBadges", "03_KBadges", "{B0BA6BA5-C9C0-4241-B1CB-D7B8C719DFC2}"
EndProject
Project("{FAE04EC0-301F-11D3-BF4B-00C04F79EFBC}") = "01_KCafe_Test", "O1_CafeTest\01_KCafe_Test.csproj", "{02B694C9-6CB8-4464-A50D-CDA4486A6AEE}"
EndProject
Project("{FAE04EC0-301F-11D3-BF4B-00C04F79EFBC}") = "01_KCafe_Class", "01_CafeClass\01_KCafe_Class.csproj", "{744B76FB-E45C-4FC6-BC55-C6B48C9AD2AD}"
EndProject
Project("{FAE04EC0-301F-11D3-BF4B-00C04F79EFBC}") = "CafeUI", "Cafe_UI\CafeUI.csproj", "{35A98EA8-AB31-43FE-B703-E8BAD7FBB84C}"
EndProject
Project("{FAE04EC0-301F-11D3-BF4B-00C04F79EFBC}") = "KomodoClaims_Test", "KomodoClaims_Test\KomodoClaims_Test.csproj", "{BED30BD3-4377-441D-9A6E-11921A87D4B0}"
EndProject
Project("{FAE04EC0-301F-11D3-BF4B-00C04F79EFBC}") = "02_Claims_Class", "Claims\02_Claims_Class.csproj", "{192CC90C-3D24-4E39-81BA-7897FF898E8A}"
EndProject
Project("{FAE04EC0-301F-11D3-BF4B-00C04F79EFBC}") = "03_Badge_Class", "Badge\03_Badge_Class.csproj", "{CFC192A0-A5FB-4E2D-A944-D46086E216D0}"
EndProject
Project("{FAE04EC0-301F-11D3-BF4B-00C04F79EFBC}") = "KBadgeTest", "KBadgeTest\KBadgeTest.csproj", "{14749B26-6711-4B45-B83E-157ACBD537DC}"
EndProject
Global
	GlobalSection(SolutionConfigurationPlatforms) = preSolution
		Debug|Any CPU = Debug|Any CPU
		Release|Any CPU = Release|Any CPU
	EndGlobalSection
	GlobalSection(ProjectConfigurationPlatforms) = postSolution
		{02B694C9-6CB8-4464-A50D-CDA4486A6AEE}.Debug|Any CPU.ActiveCfg = Debug|Any CPU
		{02B694C9-6CB8-4464-A50D-CDA4486A6AEE}.Debug|Any CPU.Build.0 = Debug|Any CPU
		{02B694C9-6CB8-4464-A50D-CDA4486A6AEE}.Release|Any CPU.ActiveCfg = Release|Any CPU
		{02B694C9-6CB8-4464-A50D-CDA4486A6AEE}.Release|Any CPU.Build.0 = Release|Any CPU
		{744B76FB-E45C-4FC6-BC55-C6B48C9AD2AD}.Debug|Any CPU.ActiveCfg = Debug|Any CPU
		{744B76FB-E45C-4FC6-BC55-C6B48C9AD2AD}.Debug|Any CPU.Build.0 = Debug|Any CPU
		{744B76FB-E45C-4FC6-BC55-C6B48C9AD2AD}.Release|Any CPU.ActiveCfg = Release|Any CPU
		{744B76FB-E45C-4FC6-BC55-C6B48C9AD2AD}.Release|Any CPU.Build.0 = Release|Any CPU
		{35A98EA8-AB31-43FE-B703-E8BAD7FBB84C}.Debug|Any CPU.ActiveCfg = Debug|Any CPU
		{35A98EA8-AB31-43FE-B703-E8BAD7FBB84C}.Debug|Any CPU.Build.0 = Debug|Any CPU
		{35A98EA8-AB31-43FE-B703-E8BAD7FBB84C}.Release|Any CPU.ActiveCfg = Release|Any CPU
		{35A98EA8-AB31-43FE-B703-E8BAD7FBB84C}.Release|Any CPU.Build.0 = Release|Any CPU
		{BED30BD3-4377-441D-9A6E-11921A87D4B0}.Debug|Any CPU.ActiveCfg = Debug|Any CPU
		{BED30BD3-4377-441D-9A6E-11921A87D4B0}.Debug|Any CPU.Build.0 = Debug|Any CPU
		{BED30BD3-4377-441D-9A6E-11921A87D4B0}.Release|Any CPU.ActiveCfg = Release|Any CPU
		{BED30BD3-4377-441D-9A6E-11921A87D4B0}.Release|Any CPU.Build.0 = Release|Any CPU
		{192CC90C-3D24-4E39-81BA-7897FF898E8A}.Debug|Any CPU.ActiveCfg = Debug|Any CPU
		{192CC90C-3D24-4E39-81BA-7897FF898E8A}.Debug|Any CPU.Build.0 = Debug|Any CPU
		{192CC90C-3D24-4E39-81BA-7897FF898E8A}.Release|Any CPU.ActiveCfg = Release|Any CPU
		{192CC90C-3D24-4E39-81BA-7897FF898E8A}.Release|Any CPU.Build.0 = Release|Any CPU
		{CFC192A0-A5FB-4E2D-A944-D46086E216D0}.Debug|Any CPU.ActiveCfg = Debug|Any CPU
		{CFC192A0-A5FB-4E2D-A944-D46086E216D0}.Debug|Any CPU.Build.0 = Debug|Any CPU
		{CFC192A0-A5FB-4E2D-A944-D46086E216D0}.Release|Any CPU.ActiveCfg = Release|Any CPU
		{CFC192A0-A5FB-4E2D-A944-D46086E216D0}.Release|Any CPU.Build.0 = Release|Any CPU
		{14749B26-6711-4B45-B83E-157ACBD537DC}.Debug|Any CPU.ActiveCfg = Debug|Any CPU
		{14749B26-6711-4B45-B83E-157ACBD537DC}.Debug|Any CPU.Build.0 = Debug|Any CPU
		{14749B26-6711-4B45-B83E-157ACBD537DC}.Release|Any CPU.ActiveCfg = Release|Any CPU
		{14749B26-6711-4B45-B83E-157ACBD537DC}.Release|Any CPU.Build.0 = Release|Any CPU
	EndGlobalSection
	GlobalSection(SolutionProperties) = preSolution
		HideSolutionNode = FALSE
	EndGlobalSection
	GlobalSection(NestedProjects) = preSolution
		{02B694C9-6CB8-4464-A50D-CDA4486A6AEE} = {F270DC20-760E-4F83-8280-236DAB434F33}
		{744B76FB-E45C-4FC6-BC55-C6B48C9AD2AD} = {F270DC20-760E-4F83-8280-236DAB434F33}
		{35A98EA8-AB31-43FE-B703-E8BAD7FBB84C} = {F270DC20-760E-4F83-8280-236DAB434F33}
		{BED30BD3-4377-441D-9A6E-11921A87D4B0} = {325CAD72-408D-40D1-BB32-BE380D067CE4}
		{192CC90C-3D24-4E39-81BA-7897FF898E8A} = {325CAD72-408D-40D1-BB32-BE380D067CE4}
		{CFC192A0-A5FB-4E2D-A944-D46086E216D0} = {B0BA6BA5-C9C0-4241-B1CB-D7B8C719DFC2}
		{14749B26-6711-4B45-B83E-157ACBD537DC} = {B0BA6BA5-C9C0-4241-B1CB-D7B8C719DFC2}
	EndGlobalSection
	GlobalSection(ExtensibilityGlobals) = postSolution
		SolutionGuid = {6C94DCC6-9EBF-4ED2-B237-DB597057FC3E}
	EndGlobalSection
EndGlobal
